
Microsoft Visual Studio Solution File, Format Version 12.00
# Visual Studio 15
VisualStudioVersion = 15.0.26430.16
MinimumVisualStudioVersion = 10.0.40219.1
Project("{FAE04EC0-301F-11D3-BF4B-00C04F79EFBC}") = "WebApplication_osnove", "WebApplication_osnove\WebApplication_osnove.csproj", "{B49C5249-41F4-4CCF-8C15-9BCCE487D3A3}"
EndProject
Project("{FAE04EC0-301F-11D3-BF4B-00C04F79EFBC}") = "WebFormsPrimjer", "WebFormsPrimjer\WebFormsPrimjer.csproj", "{CA313B4B-2467-4EA7-8662-6C7A62FC64C6}"
EndProject
Project("{FAE04EC0-301F-11D3-BF4B-00C04F79EFBC}") = "HelloWorld", "HelloWorld\HelloWorld.csproj", "{3B14EDB1-9464-4049-A077-3A7D23CA83F9}"
EndProject
Project("{FAE04EC0-301F-11D3-BF4B-00C04F79EFBC}") = "Adonet_spajanje_na_bazu", "Adonet_spajanje_na_bazu\Adonet_spajanje_na_bazu.csproj", "{2F034CC9-9833-46DC-992C-9BD0E2479904}"
EndProject
Project("{FAE04EC0-301F-11D3-BF4B-00C04F79EFBC}") = "ADO_NET_Komponente", "ADO_NET_Komponente\ADO_NET_Komponente.csproj", "{B19E9CCC-33CB-4568-B6BB-53E67B12A9FF}"
EndProject
Project("{FAE04EC0-301F-11D3-BF4B-00C04F79EFBC}") = "Adresar", "Adresar\Adresar.csproj", "{DFBEFDC7-E6EA-4921-9CF4-C6797D65203D}"
EndProject
Project("{FAE04EC0-301F-11D3-BF4B-00C04F79EFBC}") = "Webshop", "Webshop\Webshop.csproj", "{7456471C-BD0C-4B6A-BECC-560544F633A3}"
EndProject
Project("{FAE04EC0-301F-11D3-BF4B-00C04F79EFBC}") = "Adresar.WcfService", "Adresar.WcfService\Adresar.WcfService.csproj", "{61FC4833-7003-4BD7-87E5-7EAD6D86FF10}"
EndProject
Global
	GlobalSection(SolutionConfigurationPlatforms) = preSolution
		Debug|Any CPU = Debug|Any CPU
		Release|Any CPU = Release|Any CPU
	EndGlobalSection
	GlobalSection(ProjectConfigurationPlatforms) = postSolution
		{B49C5249-41F4-4CCF-8C15-9BCCE487D3A3}.Debug|Any CPU.ActiveCfg = Debug|Any CPU
		{B49C5249-41F4-4CCF-8C15-9BCCE487D3A3}.Debug|Any CPU.Build.0 = Debug|Any CPU
		{B49C5249-41F4-4CCF-8C15-9BCCE487D3A3}.Release|Any CPU.ActiveCfg = Release|Any CPU
		{B49C5249-41F4-4CCF-8C15-9BCCE487D3A3}.Release|Any CPU.Build.0 = Release|Any CPU
		{CA313B4B-2467-4EA7-8662-6C7A62FC64C6}.Debug|Any CPU.ActiveCfg = Debug|Any CPU
		{CA313B4B-2467-4EA7-8662-6C7A62FC64C6}.Debug|Any CPU.Build.0 = Debug|Any CPU
		{CA313B4B-2467-4EA7-8662-6C7A62FC64C6}.Release|Any CPU.ActiveCfg = Release|Any CPU
		{CA313B4B-2467-4EA7-8662-6C7A62FC64C6}.Release|Any CPU.Build.0 = Release|Any CPU
		{3B14EDB1-9464-4049-A077-3A7D23CA83F9}.Debug|Any CPU.ActiveCfg = Debug|Any CPU
		{3B14EDB1-9464-4049-A077-3A7D23CA83F9}.Debug|Any CPU.Build.0 = Debug|Any CPU
		{3B14EDB1-9464-4049-A077-3A7D23CA83F9}.Release|Any CPU.ActiveCfg = Release|Any CPU
		{3B14EDB1-9464-4049-A077-3A7D23CA83F9}.Release|Any CPU.Build.0 = Release|Any CPU
		{2F034CC9-9833-46DC-992C-9BD0E2479904}.Debug|Any CPU.ActiveCfg = Debug|Any CPU
		{2F034CC9-9833-46DC-992C-9BD0E2479904}.Debug|Any CPU.Build.0 = Debug|Any CPU
		{2F034CC9-9833-46DC-992C-9BD0E2479904}.Release|Any CPU.ActiveCfg = Release|Any CPU
		{2F034CC9-9833-46DC-992C-9BD0E2479904}.Release|Any CPU.Build.0 = Release|Any CPU
		{B19E9CCC-33CB-4568-B6BB-53E67B12A9FF}.Debug|Any CPU.ActiveCfg = Debug|Any CPU
		{B19E9CCC-33CB-4568-B6BB-53E67B12A9FF}.Debug|Any CPU.Build.0 = Debug|Any CPU
		{B19E9CCC-33CB-4568-B6BB-53E67B12A9FF}.Release|Any CPU.ActiveCfg = Release|Any CPU
		{B19E9CCC-33CB-4568-B6BB-53E67B12A9FF}.Release|Any CPU.Build.0 = Release|Any CPU
		{DFBEFDC7-E6EA-4921-9CF4-C6797D65203D}.Debug|Any CPU.ActiveCfg = Debug|Any CPU
		{DFBEFDC7-E6EA-4921-9CF4-C6797D65203D}.Debug|Any CPU.Build.0 = Debug|Any CPU
		{DFBEFDC7-E6EA-4921-9CF4-C6797D65203D}.Release|Any CPU.ActiveCfg = Release|Any CPU
		{DFBEFDC7-E6EA-4921-9CF4-C6797D65203D}.Release|Any CPU.Build.0 = Release|Any CPU
		{7456471C-BD0C-4B6A-BECC-560544F633A3}.Debug|Any CPU.ActiveCfg = Debug|Any CPU
		{7456471C-BD0C-4B6A-BECC-560544F633A3}.Debug|Any CPU.Build.0 = Debug|Any CPU
		{7456471C-BD0C-4B6A-BECC-560544F633A3}.Release|Any CPU.ActiveCfg = Release|Any CPU
		{7456471C-BD0C-4B6A-BECC-560544F633A3}.Release|Any CPU.Build.0 = Release|Any CPU
		{61FC4833-7003-4BD7-87E5-7EAD6D86FF10}.Debug|Any CPU.ActiveCfg = Debug|Any CPU
		{61FC4833-7003-4BD7-87E5-7EAD6D86FF10}.Debug|Any CPU.Build.0 = Debug|Any CPU
		{61FC4833-7003-4BD7-87E5-7EAD6D86FF10}.Release|Any CPU.ActiveCfg = Release|Any CPU
		{61FC4833-7003-4BD7-87E5-7EAD6D86FF10}.Release|Any CPU.Build.0 = Release|Any CPU
	EndGlobalSection
	GlobalSection(SolutionProperties) = preSolution
		HideSolutionNode = FALSE
	EndGlobalSection
	GlobalSection(ExtensibilityGlobals) = postSolution
		SolutionGuid = {9645ABE9-CCF0-41EC-B57E-C4C0CC681950}
	EndGlobalSection
EndGlobal
